
Microsoft Visual Studio Solution File, Format Version 12.00
# Visual Studio Version 17
VisualStudioVersion = 17.13.35818.85 d17.13
MinimumVisualStudioVersion = 10.0.40219.1
Project("{FAE04EC0-301F-11D3-BF4B-00C04F79EFBC}") = "Andean", "Andean.csproj", "{C8EA0279-0398-4881-8BCD-0F331E208593}"
EndProject
Global
	GlobalSection(SolutionConfigurationPlatforms) = preSolution
		Debug|Any CPU = Debug|Any CPU
		Release|Any CPU = Release|Any CPU
	EndGlobalSection
	GlobalSection(ProjectConfigurationPlatforms) = postSolution
		{C8EA0279-0398-4881-8BCD-0F331E208593}.Debug|Any CPU.ActiveCfg = Debug|Any CPU
		{C8EA0279-0398-4881-8BCD-0F331E208593}.Debug|Any CPU.Build.0 = Debug|Any CPU
		{C8EA0279-0398-4881-8BCD-0F331E208593}.Release|Any CPU.ActiveCfg = Release|Any CPU
		{C8EA0279-0398-4881-8BCD-0F331E208593}.Release|Any CPU.Build.0 = Release|Any CPU
	EndGlobalSection
	GlobalSection(SolutionProperties) = preSolution
		HideSolutionNode = FALSE
	EndGlobalSection
	GlobalSection(ExtensibilityGlobals) = postSolution
		SolutionGuid = {529FE340-6E5E-4D7C-8548-DB129BE334BA}
	EndGlobalSection
EndGlobal
